
Microsoft Visual Studio Solution File, Format Version 12.00
# Visual Studio Version 17
VisualStudioVersion = 17.14.36705.20 d17.14
MinimumVisualStudioVersion = 10.0.40219.1
Project("{FAE04EC0-301F-11D3-BF4B-00C04F79EFBC}") = "TetrisWPF", "TetrisWPF.csproj", "{E80BA8CA-9C42-44CD-9E43-FE6C7141B9D4}"
EndProject
Global
	GlobalSection(SolutionConfigurationPlatforms) = preSolution
		Debug|Any CPU = Debug|Any CPU
		Release|Any CPU = Release|Any CPU
	EndGlobalSection
	GlobalSection(ProjectConfigurationPlatforms) = postSolution
		{E80BA8CA-9C42-44CD-9E43-FE6C7141B9D4}.Debug|Any CPU.ActiveCfg = Debug|Any CPU
		{E80BA8CA-9C42-44CD-9E43-FE6C7141B9D4}.Debug|Any CPU.Build.0 = Debug|Any CPU
		{E80BA8CA-9C42-44CD-9E43-FE6C7141B9D4}.Release|Any CPU.ActiveCfg = Release|Any CPU
		{E80BA8CA-9C42-44CD-9E43-FE6C7141B9D4}.Release|Any CPU.Build.0 = Release|Any CPU
	EndGlobalSection
	GlobalSection(SolutionProperties) = preSolution
		HideSolutionNode = FALSE
	EndGlobalSection
	GlobalSection(ExtensibilityGlobals) = postSolution
		SolutionGuid = {2DD88DF9-FC16-4683-A94E-289366E2DAC7}
	EndGlobalSection
EndGlobal
